
Microsoft Visual Studio Solution File, Format Version 12.00
# Visual Studio Version 16
VisualStudioVersion = 16.0.30621.155
MinimumVisualStudioVersion = 10.0.40219.1
Project("{8BC9CEB8-8B4A-11D0-8D11-00A0C91BC942}") = "asm", "asm\asm.vcxproj", "{494842CB-8CC1-4160-AB17-7326E05411D1}"
	ProjectSection(ProjectDependencies) = postProject
		{B84F7231-16CE-41D8-8C08-7B523FF4225B} = {B84F7231-16CE-41D8-8C08-7B523FF4225B}
		{076A366B-6B75-4D35-A6A9-CA680F0771E3} = {076A366B-6B75-4D35-A6A9-CA680F0771E3}
	EndProjectSection
EndProject
Project("{8BC9CEB8-8B4A-11D0-8D11-00A0C91BC942}") = "luacore", "third_party\lua\build\luacore.vcxproj", "{B84F7231-16CE-41D8-8C08-7B523FF4225B}"
EndProject
Project("{8BC9CEB8-8B4A-11D0-8D11-00A0C91BC942}") = "lua", "third_party\lua\build\lua.vcxproj", "{76338556-5419-494A-A4C6-D79090629054}"
	ProjectSection(ProjectDependencies) = postProject
		{494842CB-8CC1-4160-AB17-7326E05411D1} = {494842CB-8CC1-4160-AB17-7326E05411D1}
	EndProjectSection
EndProject
Project("{8BC9CEB8-8B4A-11D0-8D11-00A0C91BC942}") = "ffi", "third_party\luaffi\makefiles\ffi.vcxproj", "{076A366B-6B75-4D35-A6A9-CA680F0771E3}"
EndProject
Global
	GlobalSection(SolutionConfigurationPlatforms) = preSolution
		Debug|x64 = Debug|x64
		Debug|x86 = Debug|x86
		Release|x64 = Release|x64
		Release|x86 = Release|x86
	EndGlobalSection
	GlobalSection(ProjectConfigurationPlatforms) = postSolution
		{494842CB-8CC1-4160-AB17-7326E05411D1}.Debug|x64.ActiveCfg = Debug|x64
		{494842CB-8CC1-4160-AB17-7326E05411D1}.Debug|x64.Build.0 = Debug|x64
		{494842CB-8CC1-4160-AB17-7326E05411D1}.Debug|x86.ActiveCfg = Debug|Win32
		{494842CB-8CC1-4160-AB17-7326E05411D1}.Debug|x86.Build.0 = Debug|Win32
		{494842CB-8CC1-4160-AB17-7326E05411D1}.Release|x64.ActiveCfg = Release|x64
		{494842CB-8CC1-4160-AB17-7326E05411D1}.Release|x64.Build.0 = Release|x64
		{494842CB-8CC1-4160-AB17-7326E05411D1}.Release|x86.ActiveCfg = Release|Win32
		{494842CB-8CC1-4160-AB17-7326E05411D1}.Release|x86.Build.0 = Release|Win32
		{B84F7231-16CE-41D8-8C08-7B523FF4225B}.Debug|x64.ActiveCfg = Debug|Win32
		{B84F7231-16CE-41D8-8C08-7B523FF4225B}.Debug|x86.ActiveCfg = Debug|Win32
		{B84F7231-16CE-41D8-8C08-7B523FF4225B}.Debug|x86.Build.0 = Debug|Win32
		{B84F7231-16CE-41D8-8C08-7B523FF4225B}.Release|x64.ActiveCfg = Release|Win32
		{B84F7231-16CE-41D8-8C08-7B523FF4225B}.Release|x86.ActiveCfg = Release|Win32
		{B84F7231-16CE-41D8-8C08-7B523FF4225B}.Release|x86.Build.0 = Release|Win32
		{76338556-5419-494A-A4C6-D79090629054}.Debug|x64.ActiveCfg = Debug|Win32
		{76338556-5419-494A-A4C6-D79090629054}.Debug|x86.ActiveCfg = Debug|Win32
		{76338556-5419-494A-A4C6-D79090629054}.Debug|x86.Build.0 = Debug|Win32
		{76338556-5419-494A-A4C6-D79090629054}.Release|x64.ActiveCfg = Release|Win32
		{76338556-5419-494A-A4C6-D79090629054}.Release|x86.ActiveCfg = Release|Win32
		{76338556-5419-494A-A4C6-D79090629054}.Release|x86.Build.0 = Release|Win32
		{076A366B-6B75-4D35-A6A9-CA680F0771E3}.Debug|x64.ActiveCfg = Debug|Win32
		{076A366B-6B75-4D35-A6A9-CA680F0771E3}.Debug|x86.ActiveCfg = Debug|Win32
		{076A366B-6B75-4D35-A6A9-CA680F0771E3}.Debug|x86.Build.0 = Debug|Win32
		{076A366B-6B75-4D35-A6A9-CA680F0771E3}.Release|x64.ActiveCfg = Release|Win32
		{076A366B-6B75-4D35-A6A9-CA680F0771E3}.Release|x86.ActiveCfg = Release|Win32
		{076A366B-6B75-4D35-A6A9-CA680F0771E3}.Release|x86.Build.0 = Release|Win32
	EndGlobalSection
	GlobalSection(SolutionProperties) = preSolution
		HideSolutionNode = FALSE
	EndGlobalSection
	GlobalSection(ExtensibilityGlobals) = postSolution
		SolutionGuid = {0123F561-EE5B-4672-B4A2-F4BEF04E8340}
	EndGlobalSection
EndGlobal
